// !$*UTF8*$!
{
	archiveVersion = 1;
	classes = {
	};
	objectVersion = 50;
	objects = {

/* Begin PBXBuildFile section */
		5474852B20E9DE6100CE2438 /* AppDelegate.swift in Sources */ = {isa = PBXBuildFile; fileRef = 5474852A20E9DE6100CE2438 /* AppDelegate.swift */; };
		5474852D20E9DE6100CE2438 /* ViewController.swift in Sources */ = {isa = PBXBuildFile; fileRef = 5474852C20E9DE6100CE2438 /* ViewController.swift */; };
		5474853020E9DE6100CE2438 /* Main.storyboard in Resources */ = {isa = PBXBuildFile; fileRef = 5474852E20E9DE6100CE2438 /* Main.storyboard */; };
		5474853220E9DE6400CE2438 /* Assets.xcassets in Resources */ = {isa = PBXBuildFile; fileRef = 5474853120E9DE6400CE2438 /* Assets.xcassets */; };
		5474853520E9DE6400CE2438 /* LaunchScreen.storyboard in Resources */ = {isa = PBXBuildFile; fileRef = 5474853320E9DE6400CE2438 /* LaunchScreen.storyboard */; };
		5474853D20E9E70D00CE2438 /* HttpRequest.swift in Sources */ = {isa = PBXBuildFile; fileRef = 5474853C20E9E70D00CE2438 /* HttpRequest.swift */; };
		54BDE79F20EA153A00C0BDDB /* Model.swift in Sources */ = {isa = PBXBuildFile; fileRef = 54BDE79E20EA153A00C0BDDB /* Model.swift */; };
		710CE0A7790E77F14DC819A7 /* Pods_AlamofireDemo.framework in Frameworks */ = {isa = PBXBuildFile; fileRef = 9EBD2CAA50E86414AE90AE94 /* Pods_AlamofireDemo.framework */; };
/* End PBXBuildFile section */

/* Begin PBXFileReference section */
		5474852720E9DE6100CE2438 /* AlamofireDemo.app */ = {isa = PBXFileReference; explicitFileType = wrapper.application; includeInIndex = 0; path = AlamofireDemo.app; sourceTree = BUILT_PRODUCTS_DIR; };
		5474852A20E9DE6100CE2438 /* AppDelegate.swift */ = {isa = PBXFileReference; lastKnownFileType = sourcecode.swift; path = AppDelegate.swift; sourceTree = "<group>"; };
		5474852C20E9DE6100CE2438 /* ViewController.swift */ = {isa = PBXFileReference; lastKnownFileType = sourcecode.swift; path = ViewController.swift; sourceTree = "<group>"; };
		5474852F20E9DE6100CE2438 /* Base */ = {isa = PBXFileReference; lastKnownFileType = file.storyboard; name = Base; path = Base.lproj/Main.storyboard; sourceTree = "<group>"; };
		5474853120E9DE6400CE2438 /* Assets.xcassets */ = {isa = PBXFileReference; lastKnownFileType = folder.assetcatalog; path = Assets.xcassets; sourceTree = "<group>"; };
		5474853420E9DE6400CE2438 /* Base */ = {isa = PBXFileReference; lastKnownFileType = file.storyboard; name = Base; path = Base.lproj/LaunchScreen.storyboard; sourceTree = "<group>"; };
		5474853620E9DE6400CE2438 /* Info.plist */ = {isa = PBXFileReference; lastKnownFileType = text.plist.xml; path = Info.plist; sourceTree = "<group>"; };
		5474853C20E9E70D00CE2438 /* HttpRequest.swift */ = {isa = PBXFileReference; lastKnownFileType = sourcecode.swift; path = HttpRequest.swift; sourceTree = "<group>"; };
		54BDE79E20EA153A00C0BDDB /* Model.swift */ = {isa = PBXFileReference; lastKnownFileType = sourcecode.swift; path = Model.swift; sourceTree = "<group>"; };
		785319AE39C2D246981A537A /* Pods-AlamofireDemo.debug.xcconfig */ = {isa = PBXFileReference; includeInIndex = 1; lastKnownFileType = text.xcconfig; name = "Pods-AlamofireDemo.debug.xcconfig"; path = "Pods/Target Support Files/Pods-AlamofireDemo/Pods-AlamofireDemo.debug.xcconfig"; sourceTree = "<group>"; };
		9EBD2CAA50E86414AE90AE94 /* Pods_AlamofireDemo.framework */ = {isa = PBXFileReference; explicitFileType = wrapper.framework; includeInIndex = 0; path = Pods_AlamofireDemo.framework; sourceTree = BUILT_PRODUCTS_DIR; };
		C21ED2595717348A5E05CBB9 /* Pods-AlamofireDemo.release.xcconfig */ = {isa = PBXFileReference; includeInIndex = 1; lastKnownFileType = text.xcconfig; name = "Pods-AlamofireDemo.release.xcconfig"; path = "Pods/Target Support Files/Pods-AlamofireDemo/Pods-AlamofireDemo.release.xcconfig"; sourceTree = "<group>"; };
/* End PBXFileReference section */

/* Begin PBXFrameworksBuildPhase section */
		5474852420E9DE6100CE2438 /* Frameworks */ = {
			isa = PBXFrameworksBuildPhase;
			buildActionMask = 2147483647;
			files = (
				710CE0A7790E77F14DC819A7 /* Pods_AlamofireDemo.framework in Frameworks */,
			);
			runOnlyForDeploymentPostprocessing = 0;
		};
/* End PBXFrameworksBuildPhase section */

/* Begin PBXGroup section */
		5474851E20E9DE6100CE2438 = {
			isa = PBXGroup;
			children = (
				5474852920E9DE6100CE2438 /* AlamofireDemo */,
				5474852820E9DE6100CE2438 /* Products */,
				7F396A303A67C43020E3147C /* Pods */,
				7EA47A1ADEF1366ED65D818E /* Frameworks */,
			);
			sourceTree = "<group>";
		};
		5474852820E9DE6100CE2438 /* Products */ = {
			isa = PBXGroup;
			children = (
				5474852720E9DE6100CE2438 /* AlamofireDemo.app */,
			);
			name = Products;
			sourceTree = "<group>";
		};
		5474852920E9DE6100CE2438 /* AlamofireDemo */ = {
			isa = PBXGroup;
			children = (
				5474852A20E9DE6100CE2438 /* AppDelegate.swift */,
				5474852C20E9DE6100CE2438 /* ViewController.swift */,
				5474852E20E9DE6100CE2438 /* Main.storyboard */,
				5474853120E9DE6400CE2438 /* Assets.xcassets */,
				5474853320E9DE6400CE2438 /* LaunchScreen.storyboard */,
				5474853620E9DE6400CE2438 /* Info.plist */,
				5474853C20E9E70D00CE2438 /* HttpRequest.swift */,
				54BDE79E20EA153A00C0BDDB /* Model.swift */,
			);
			path = AlamofireDemo;
			sourceTree = "<group>";
		};
		7EA47A1ADEF1366ED65D818E /* Frameworks */ = {
			isa = PBXGroup;
			children = (
				9EBD2CAA50E86414AE90AE94 /* Pods_AlamofireDemo.framework */,
			);
			name = Frameworks;
			sourceTree = "<group>";
		};
		7F396A303A67C43020E3147C /* Pods */ = {
			isa = PBXGroup;
			children = (
				785319AE39C2D246981A537A /* Pods-AlamofireDemo.debug.xcconfig */,
				C21ED2595717348A5E05CBB9 /* Pods-AlamofireDemo.release.xcconfig */,
			);
			name = Pods;
			sourceTree = "<group>";
		};
/* End PBXGroup section */

/* Begin PBXNativeTarget section */
		5474852620E9DE6100CE2438 /* AlamofireDemo */ = {
			isa = PBXNativeTarget;
			buildConfigurationList = 5474853920E9DE6400CE2438 /* Build configuration list for PBXNativeTarget "AlamofireDemo" */;
			buildPhases = (
				5DB5343AE91CB218034DDA9B /* [CP] Check Pods Manifest.lock */,
				5474852320E9DE6100CE2438 /* Sources */,
				5474852420E9DE6100CE2438 /* Frameworks */,
				5474852520E9DE6100CE2438 /* Resources */,
				D821BB2022CB0C2AB4DA34EE /* [CP] Embed Pods Frameworks */,
			);
			buildRules = (
			);
			dependencies = (
			);
			name = AlamofireDemo;
			productName = AlamofireDemo;
			productReference = 5474852720E9DE6100CE2438 /* AlamofireDemo.app */;
			productType = "com.apple.product-type.application";
		};
/* End PBXNativeTarget section */

/* Begin PBXProject section */
		5474851F20E9DE6100CE2438 /* Project object */ = {
			isa = PBXProject;
			attributes = {
				LastSwiftUpdateCheck = 0930;
				LastUpgradeCheck = 0930;
				ORGANIZATIONNAME = "Warm-mac";
				TargetAttributes = {
					5474852620E9DE6100CE2438 = {
						CreatedOnToolsVersion = 9.3;
					};
				};
			};
			buildConfigurationList = 5474852220E9DE6100CE2438 /* Build configuration list for PBXProject "AlamofireDemo" */;
			compatibilityVersion = "Xcode 9.3";
			developmentRegion = en;
			hasScannedForEncodings = 0;
			knownRegions = (
				en,
				Base,
			);
			mainGroup = 5474851E20E9DE6100CE2438;
			productRefGroup = 5474852820E9DE6100CE2438 /* Products */;
			projectDirPath = "";
			projectRoot = "";
			targets = (
				5474852620E9DE6100CE2438 /* AlamofireDemo */,
			);
		};
/* End PBXProject section */

/* Begin PBXResourcesBuildPhase section */
		5474852520E9DE6100CE2438 /* Resources */ = {
			isa = PBXResourcesBuildPhase;
			buildActionMask = 2147483647;
			files = (
				5474853520E9DE6400CE2438 /* LaunchScreen.storyboard in Resources */,
				5474853220E9DE6400CE2438 /* Assets.xcassets in Resources */,
				5474853020E9DE6100CE2438 /* Main.storyboard in Resources */,
			);
			runOnlyForDeploymentPostprocessing = 0;
		};
/* End PBXResourcesBuildPhase section */

/* Begin PBXShellScriptBuildPhase section */
		5DB5343AE91CB218034DDA9B /* [CP] Check Pods Manifest.lock */ = {
			isa = PBXShellScriptBuildPhase;
			buildActionMask = 2147483647;
			files = (
			);
			inputPaths = (
				"${PODS_PODFILE_DIR_PATH}/Podfile.lock",
				"${PODS_ROOT}/Manifest.lock",
			);
			name = "[CP] Check Pods Manifest.lock";
			outputPaths = (
				"$(DERIVED_FILE_DIR)/Pods-AlamofireDemo-checkManifestLockResult.txt",
			);
			runOnlyForDeploymentPostprocessing = 0;
			shellPath = /bin/sh;
			shellScript = "diff \"${PODS_PODFILE_DIR_PATH}/Podfile.lock\" \"${PODS_ROOT}/Manifest.lock\" > /dev/null\nif [ $? != 0 ] ; then\n    # print error to STDERR\n    echo \"error: The sandbox is not in sync with the Podfile.lock. Run 'pod install' or update your CocoaPods installation.\" >&2\n    exit 1\nfi\n# This output is used by Xcode 'outputs' to avoid re-running this script phase.\necho \"SUCCESS\" > \"${SCRIPT_OUTPUT_FILE_0}\"\n";
			showEnvVarsInLog = 0;
		};
		D821BB2022CB0C2AB4DA34EE /* [CP] Embed Pods Frameworks */ = {
			isa = PBXShellScriptBuildPhase;
			buildActionMask = 2147483647;
			files = (
			);
			inputPaths = (
				"${SRCROOT}/Pods/Target Support Files/Pods-AlamofireDemo/Pods-AlamofireDemo-frameworks.sh",
				"${BUILT_PRODUCTS_DIR}/Alamofire/Alamofire.framework",
				"${BUILT_PRODUCTS_DIR}/SnapKit/SnapKit.framework",
			);
			name = "[CP] Embed Pods Frameworks";
			outputPaths = (
				"${TARGET_BUILD_DIR}/${FRAMEWORKS_FOLDER_PATH}/Alamofire.framework",
				"${TARGET_BUILD_DIR}/${FRAMEWORKS_FOLDER_PATH}/SnapKit.framework",
			);
			runOnlyForDeploymentPostprocessing = 0;
			shellPath = /bin/sh;
			shellScript = "\"${SRCROOT}/Pods/Target Support Files/Pods-AlamofireDemo/Pods-AlamofireDemo-frameworks.sh\"\n";
			showEnvVarsInLog = 0;
		};
/* End PBXShellScriptBuildPhase section */

/* Begin PBXSourcesBuildPhase section */
		5474852320E9DE6100CE2438 /* Sources */ = {
			isa = PBXSourcesBuildPhase;
			buildActionMask = 2147483647;
			files = (
				5474852D20E9DE6100CE2438 /* ViewController.swift in Sources */,
				5474852B20E9DE6100CE2438 /* AppDelegate.swift in Sources */,
				5474853D20E9E70D00CE2438 /* HttpRequest.swift in Sources */,
				54BDE79F20EA153A00C0BDDB /* Model.swift in Sources */,
			);
			runOnlyForDeploymentPostprocessing = 0;
		};
/* End PBXSourcesBuildPhase section */

/* Begin PBXVariantGroup section */
		5474852E20E9DE6100CE2438 /* Main.storyboard */ = {
			isa = PBXVariantGroup;
			children = (
				5474852F20E9DE6100CE2438 /* Base */,
			);
			name = Main.storyboard;
			sourceTree = "<group>";
		};
		5474853320E9DE6400CE2438 /* LaunchScreen.storyboard */ = {
			isa = PBXVariantGroup;
			children = (
				5474853420E9DE6400CE2438 /* Base */,
			);
			name = LaunchScreen.storyboard;
			sourceTree = "<group>";
		};
/* End PBXVariantGroup section */

/* Begin XCBuildConfiguration section */
		5474853720E9DE6400CE2438 /* Debug */ = {
			isa = XCBuildConfiguration;
			buildSettings = {
				ALWAYS_SEARCH_USER_PATHS = NO;
				CLANG_ANALYZER_NONNULL = YES;
				CLANG_ANALYZER_NUMBER_OBJECT_CONVERSION = YES_AGGRESSIVE;
				CLANG_CXX_LANGUAGE_STANDARD = "gnu++14";
				CLANG_CXX_LIBRARY = "libc++";
				CLANG_ENABLE_MODULES = YES;
				CLANG_ENABLE_OBJC_ARC = YES;
				CLANG_ENABLE_OBJC_WEAK = YES;
				CLANG_WARN_BLOCK_CAPTURE_AUTORELEASING = YES;
				CLANG_WARN_BOOL_CONVERSION = YES;
				CLANG_WARN_COMMA = YES;
				CLANG_WARN_CONSTANT_CONVERSION = YES;
				CLANG_WARN_DEPRECATED_OBJC_IMPLEMENTATIONS = YES;
				CLANG_WARN_DIRECT_OBJC_ISA_USAGE = YES_ERROR;
				CLANG_WARN_DOCUMENTATION_COMMENTS = YES;
				CLANG_WARN_EMPTY_BODY = YES;
				CLANG_WARN_ENUM_CONVERSION = YES;
				CLANG_WARN_INFINITE_RECURSION = YES;
				CLANG_WARN_INT_CONVERSION = YES;
				CLANG_WARN_NON_LITERAL_NULL_CONVERSION = YES;
				CLANG_WARN_OBJC_IMPLICIT_RETAIN_SELF = YES;
				CLANG_WARN_OBJC_LITERAL_CONVERSION = YES;
				CLANG_WARN_OBJC_ROOT_CLASS = YES_ERROR;
				CLANG_WARN_RANGE_LOOP_ANALYSIS = YES;
				CLANG_WARN_STRICT_PROTOTYPES = YES;
				CLANG_WARN_SUSPICIOUS_MOVE = YES;
				CLANG_WARN_UNGUARDED_AVAILABILITY = YES_AGGRESSIVE;
				CLANG_WARN_UNREACHABLE_CODE = YES;
				CLANG_WARN__DUPLICATE_METHOD_MATCH = YES;
				CODE_SIGN_IDENTITY = "iPhone Developer";
				COPY_PHASE_STRIP = NO;
				DEBUG_INFORMATION_FORMAT = dwarf;
				ENABLE_STRICT_OBJC_MSGSEND = YES;
				ENABLE_TESTABILITY = YES;
				GCC_C_LANGUAGE_STANDARD = gnu11;
				GCC_DYNAMIC_NO_PIC = NO;
				GCC_NO_COMMON_BLOCKS = YES;
				GCC_OPTIMIZATION_LEVEL = 0;
				GCC_PREPROCESSOR_DEFINITIONS = (
					"DEBUG=1",
					"$(inherited)",
				);
				GCC_WARN_64_TO_32_BIT_CONVERSION = YES;
				GCC_WARN_ABOUT_RETURN_TYPE = YES_ERROR;
				GCC_WARN_UNDECLARED_SELECTOR = YES;
				GCC_WARN_UNINITIALIZED_AUTOS = YES_AGGRESSIVE;
				GCC_WARN_UNUSED_FUNCTION = YES;
				GCC_WARN_UNUSED_VARIABLE = YES;
				IPHONEOS_DEPLOYMENT_TARGET = 11.3;
				MTL_ENABLE_DEBUG_INFO = YES;
				ONLY_ACTIVE_ARCH = YES;
				SDKROOT = iphoneos;
				SWIFT_ACTIVE_COMPILATION_CONDITIONS = DEBUG;
				SWIFT_OPTIMIZATION_LEVEL = "-Onone";
			};
			name = Debug;
		};
		5474853820E9DE6400CE2438 /* Release */ = {
			isa = XCBuildConfiguration;
			buildSettings = {
				ALWAYS_SEARCH_USER_PATHS = NO;
				CLANG_ANALYZER_NONNULL = YES;
				CLANG_ANALYZER_NUMBER_OBJECT_CONVERSION = YES_AGGRESSIVE;
				CLANG_CXX_LANGUAGE_STANDARD = "gnu++14";
				CLANG_CXX_LIBRARY = "libc++";
				CLANG_ENABLE_MODULES = YES;
				CLANG_ENABLE_OBJC_ARC = YES;
				CLANG_ENABLE_OBJC_WEAK = YES;
				CLANG_WARN_BLOCK_CAPTURE_AUTORELEASING = YES;
				CLANG_WARN_BOOL_CONVERSION = YES;
				CLANG_WARN_COMMA = YES;
				CLANG_WARN_CONSTANT_CONVERSION = YES;
				CLANG_WARN_DEPRECATED_OBJC_IMPLEMENTATIONS = YES;
				CLANG_WARN_DIRECT_OBJC_ISA_USAGE = YES_ERROR;
				CLANG_WARN_DOCUMENTATION_COMMENTS = YES;
				CLANG_WARN_EMPTY_BODY = YES;
				CLANG_WARN_ENUM_CONVERSION = YES;
				CLANG_WARN_INFINITE_RECURSION = YES;
				CLANG_WARN_INT_CONVERSION = YES;
				CLANG_WARN_NON_LITERAL_NULL_CONVERSION = YES;
				CLANG_WARN_OBJC_IMPLICIT_RETAIN_SELF = YES;
				CLANG_WARN_OBJC_LITERAL_CONVERSION = YES;
				CLANG_WARN_OBJC_ROOT_CLASS = YES_ERROR;
				CLANG_WARN_RANGE_LOOP_ANALYSIS = YES;
				CLANG_WARN_STRICT_PROTOTYPES = YES;
				CLANG_WARN_SUSPICIOUS_MOVE = YES;
				CLANG_WARN_UNGUARDED_AVAILABILITY = YES_AGGRESSIVE;
				CLANG_WARN_UNREACHABLE_CODE = YES;
				CLANG_WARN__DUPLICATE_METHOD_MATCH = YES;
				CODE_SIGN_IDENTITY = "iPhone Developer";
				COPY_PHASE_STRIP = NO;
				DEBUG_INFORMATION_FORMAT = "dwarf-with-dsym";
				ENABLE_NS_ASSERTIONS = NO;
				ENABLE_STRICT_OBJC_MSGSEND = YES;
				GCC_C_LANGUAGE_STANDARD = gnu11;
				GCC_NO_COMMON_BLOCKS = YES;
				GCC_WARN_64_TO_32_BIT_CONVERSION = YES;
				GCC_WARN_ABOUT_RETURN_TYPE = YES_ERROR;
				GCC_WARN_UNDECLARED_SELECTOR = YES;
				GCC_WARN_UNINITIALIZED_AUTOS = YES_AGGRESSIVE;
				GCC_WARN_UNUSED_FUNCTION = YES;
				GCC_WARN_UNUSED_VARIABLE = YES;
				IPHONEOS_DEPLOYMENT_TARGET = 11.3;
				MTL_ENABLE_DEBUG_INFO = NO;
				SDKROOT = iphoneos;
				SWIFT_COMPILATION_MODE = wholemodule;
				SWIFT_OPTIMIZATION_LEVEL = "-O";
				VALIDATE_PRODUCT = YES;
			};
			name = Release;
		};
		5474853A20E9DE6400CE2438 /* Debug */ = {
			isa = XCBuildConfiguration;
			baseConfigurationReference = 785319AE39C2D246981A537A /* Pods-AlamofireDemo.debug.xcconfig */;
			buildSettings = {
				ASSETCATALOG_COMPILER_APPICON_NAME = AppIcon;
				CODE_SIGN_STYLE = Automatic;
				INFOPLIST_FILE = AlamofireDemo/Info.plist;
				LD_RUNPATH_SEARCH_PATHS = (
					"$(inherited)",
					"@executable_path/Frameworks",
				);
				PRODUCT_BUNDLE_IDENTIFIER = me.warm.AlamofireDemo;
				PRODUCT_NAME = "$(TARGET_NAME)";
				SWIFT_VERSION = 4.0;
				TARGETED_DEVICE_FAMILY = "1,2";
			};
			name = Debug;
		};
		5474853B20E9DE6400CE2438 /* Release */ = {
			isa = XCBuildConfiguration;
			baseConfigurationReference = C21ED2595717348A5E05CBB9 /* Pods-AlamofireDemo.release.xcconfig */;
			buildSettings = {
				ASSETCATALOG_COMPILER_APPICON_NAME = AppIcon;
				CODE_SIGN_STYLE = Automatic;
				INFOPLIST_FILE = AlamofireDemo/Info.plist;
				LD_RUNPATH_SEARCH_PATHS = (
					"$(inherited)",
					"@executable_path/Frameworks",
				);
				PRODUCT_BUNDLE_IDENTIFIER = me.warm.AlamofireDemo;
				PRODUCT_NAME = "$(TARGET_NAME)";
				SWIFT_VERSION = 4.0;
				TARGETED_DEVICE_FAMILY = "1,2";
			};
			name = Release;
		};
/* End XCBuildConfiguration section */

/* Begin XCConfigurationList section */
		5474852220E9DE6100CE2438 /* Build configuration list for PBXProject "AlamofireDemo" */ = {
			isa = XCConfigurationList;
			buildConfigurations = (
				5474853720E9DE6400CE2438 /* Debug */,
				5474853820E9DE6400CE2438 /* Release */,
			);
			defaultConfigurationIsVisible = 0;
			defaultConfigurationName = Release;
		};
		5474853920E9DE6400CE2438 /* Build configuration list for PBXNativeTarget "AlamofireDemo" */ = {
			isa = XCConfigurationList;
			buildConfigurations = (
				5474853A20E9DE6400CE2438 /* Debug */,
				5474853B20E9DE6400CE2438 /* Release */,
			);
			defaultConfigurationIsVisible = 0;
			defaultConfigurationName = Release;
		};
/* End XCConfigurationList section */
	};
	rootObject = 5474851F20E9DE6100CE2438 /* Project object */;
}
