// !$*UTF8*$!
{
	archiveVersion = 1;
	classes = {
	};
	objectVersion = 46;
	objects = {

/* Begin PBXBuildFile section */
		3792819D30ACD73E9B9FABAA /* Main.storyboard in Resources */ = {isa = PBXBuildFile; fileRef = 37928697782F9A24238161CB /* Main.storyboard */; };
		379283AF2C2A19C887C3F5F1 /* ViewController.swift in Sources */ = {isa = PBXBuildFile; fileRef = 379288085E3B158F5E54CEA3 /* ViewController.swift */; };
		37928A30CBC8A5441844CAB7 /* Person.swift in Sources */ = {isa = PBXBuildFile; fileRef = 37928C953B3D9E12E85ECB4D /* Person.swift */; };
		37928B7A7BA6C8A156DD920C /* AppDelegate.swift in Sources */ = {isa = PBXBuildFile; fileRef = 3792878B44DF8FBCE51D429A /* AppDelegate.swift */; };
		37928DC3C930FA5E031FF652 /* Assets.xcassets in Resources */ = {isa = PBXBuildFile; fileRef = 37928920D08479E95EDA548F /* Assets.xcassets */; };
		37928EC5027343B516DCAACB /* LaunchScreen.storyboard in Resources */ = {isa = PBXBuildFile; fileRef = 37928FE9431A94070B92C151 /* LaunchScreen.storyboard */; };
/* End PBXBuildFile section */

/* Begin PBXFileReference section */
		379280EA4DFBCDBCFA3682C5 /* Base */ = {isa = PBXFileReference; lastKnownFileType = file.storyboard; name = Base; path = Base.lproj/LaunchScreen.storyboard; sourceTree = "<group>"; };
		379282235E9F2AD53ECBB896 /* Base */ = {isa = PBXFileReference; lastKnownFileType = file.storyboard; name = Base; path = Base.lproj/Main.storyboard; sourceTree = "<group>"; };
		379286F3E5EA5A73349CD17D /* Basis-POP.app */ = {isa = PBXFileReference; explicitFileType = wrapper.application; includeInIndex = 0; path = "Basis-POP.app"; sourceTree = BUILT_PRODUCTS_DIR; };
		3792878B44DF8FBCE51D429A /* AppDelegate.swift */ = {isa = PBXFileReference; lastKnownFileType = sourcecode.swift; path = AppDelegate.swift; sourceTree = "<group>"; };
		379288085E3B158F5E54CEA3 /* ViewController.swift */ = {isa = PBXFileReference; lastKnownFileType = sourcecode.swift; path = ViewController.swift; sourceTree = "<group>"; };
		37928920D08479E95EDA548F /* Assets.xcassets */ = {isa = PBXFileReference; lastKnownFileType = folder.assetcatalog; path = Assets.xcassets; sourceTree = "<group>"; };
		37928C953B3D9E12E85ECB4D /* Person.swift */ = {isa = PBXFileReference; fileEncoding = 4; lastKnownFileType = sourcecode.swift; name = Person.swift; path = Model/Person.swift; sourceTree = "<group>"; };
		37928E845864E11C91B16A4C /* Info.plist */ = {isa = PBXFileReference; lastKnownFileType = text.plist.info; path = Info.plist; sourceTree = "<group>"; };
/* End PBXFileReference section */

/* Begin PBXFrameworksBuildPhase section */
		379285D9339CB8CAB345E3CE /* Frameworks */ = {
			isa = PBXFrameworksBuildPhase;
			buildActionMask = 2147483647;
			files = (
			);
			runOnlyForDeploymentPostprocessing = 0;
		};
/* End PBXFrameworksBuildPhase section */

/* Begin PBXGroup section */
		3792805C553646C7F49A7040 = {
			isa = PBXGroup;
			children = (
				37928DF22FC49DB1CBD160B7 /* Products */,
				3792885F9D915AF5B133352B /* Basis-POP */,
			);
			sourceTree = "<group>";
		};
		3792885F9D915AF5B133352B /* Basis-POP */ = {
			isa = PBXGroup;
			children = (
				37928E845864E11C91B16A4C /* Info.plist */,
				37928920D08479E95EDA548F /* Assets.xcassets */,
				37928FE9431A94070B92C151 /* LaunchScreen.storyboard */,
				3792878B44DF8FBCE51D429A /* AppDelegate.swift */,
				37928697782F9A24238161CB /* Main.storyboard */,
				379288085E3B158F5E54CEA3 /* ViewController.swift */,
				37928C953B3D9E12E85ECB4D /* Person.swift */,
			);
			path = "Basis-POP";
			sourceTree = "<group>";
		};
		37928DF22FC49DB1CBD160B7 /* Products */ = {
			isa = PBXGroup;
			children = (
				379286F3E5EA5A73349CD17D /* Basis-POP.app */,
			);
			name = Products;
			sourceTree = "<group>";
		};
/* End PBXGroup section */

/* Begin PBXNativeTarget section */
		3792896FEF8144E0F20BA579 /* Basis-POP */ = {
			isa = PBXNativeTarget;
			buildConfigurationList = 37928626C16511E039CE17F1 /* Build configuration list for PBXNativeTarget "Basis-POP" */;
			buildPhases = (
				379284BFD0523AF1406BB0F9 /* Sources */,
				379285D9339CB8CAB345E3CE /* Frameworks */,
				379283F2E4ECB4E2209CEDDA /* Resources */,
			);
			buildRules = (
			);
			dependencies = (
			);
			name = "Basis-POP";
			productName = "Basis-POP";
			productReference = 379286F3E5EA5A73349CD17D /* Basis-POP.app */;
			productType = "com.apple.product-type.application";
		};
/* End PBXNativeTarget section */

/* Begin PBXProject section */
		3792804A802FA82DD6BF4E5C /* Project object */ = {
			isa = PBXProject;
			attributes = {
				ORGANIZATIONNAME = me.warm;
			};
			buildConfigurationList = 379280129903265B03995782 /* Build configuration list for PBXProject "Basis-POP" */;
			compatibilityVersion = "Xcode 3.2";
			developmentRegion = English;
			hasScannedForEncodings = 0;
			knownRegions = (
				en,
			);
			mainGroup = 3792805C553646C7F49A7040;
			productRefGroup = 37928DF22FC49DB1CBD160B7 /* Products */;
			projectDirPath = "";
			projectRoot = "";
			targets = (
				3792896FEF8144E0F20BA579 /* Basis-POP */,
			);
		};
/* End PBXProject section */

/* Begin PBXResourcesBuildPhase section */
		379283F2E4ECB4E2209CEDDA /* Resources */ = {
			isa = PBXResourcesBuildPhase;
			buildActionMask = 2147483647;
			files = (
				37928DC3C930FA5E031FF652 /* Assets.xcassets in Resources */,
				37928EC5027343B516DCAACB /* LaunchScreen.storyboard in Resources */,
				3792819D30ACD73E9B9FABAA /* Main.storyboard in Resources */,
			);
			runOnlyForDeploymentPostprocessing = 0;
		};
/* End PBXResourcesBuildPhase section */

/* Begin PBXSourcesBuildPhase section */
		379284BFD0523AF1406BB0F9 /* Sources */ = {
			isa = PBXSourcesBuildPhase;
			buildActionMask = 2147483647;
			files = (
				37928B7A7BA6C8A156DD920C /* AppDelegate.swift in Sources */,
				379283AF2C2A19C887C3F5F1 /* ViewController.swift in Sources */,
				37928A30CBC8A5441844CAB7 /* Person.swift in Sources */,
			);
			runOnlyForDeploymentPostprocessing = 0;
		};
/* End PBXSourcesBuildPhase section */

/* Begin PBXVariantGroup section */
		37928697782F9A24238161CB /* Main.storyboard */ = {
			isa = PBXVariantGroup;
			children = (
				379282235E9F2AD53ECBB896 /* Base */,
			);
			name = Main.storyboard;
			sourceTree = "<group>";
		};
		37928FE9431A94070B92C151 /* LaunchScreen.storyboard */ = {
			isa = PBXVariantGroup;
			children = (
				379280EA4DFBCDBCFA3682C5 /* Base */,
			);
			name = LaunchScreen.storyboard;
			sourceTree = "<group>";
		};
/* End PBXVariantGroup section */

/* Begin XCBuildConfiguration section */
		379282BF83EE92CCF0AFCE59 /* Release */ = {
			isa = XCBuildConfiguration;
			buildSettings = {
				ALWAYS_SEARCH_USER_PATHS = NO;
				CLANG_ANALYZER_NONNULL = YES;
				CLANG_ANALYZER_NUMBER_OBJECT_CONVERSION = YES_AGGRESSIVE;
				CLANG_CXX_LANGUAGE_STANDARD = "gnu++14";
				CLANG_CXX_LIBRARY = "libc++";
				CLANG_ENABLE_MODULES = YES;
				CLANG_ENABLE_OBJC_ARC = YES;
				CLANG_ENABLE_OBJC_WEAK = YES;
				CLANG_WARN_BLOCK_CAPTURE_AUTORELEASING = YES;
				CLANG_WARN_BOOL_CONVERSION = YES;
				CLANG_WARN_COMMA = YES;
				CLANG_WARN_CONSTANT_CONVERSION = YES;
				CLANG_WARN_DEPRECATED_OBJC_IMPLEMENTATIONS = YES;
				CLANG_WARN_DIRECT_OBJC_ISA_USAGE = YES_ERROR;
				CLANG_WARN_DOCUMENTATION_COMMENTS = YES;
				CLANG_WARN_EMPTY_BODY = YES;
				CLANG_WARN_ENUM_CONVERSION = YES;
				CLANG_WARN_INFINITE_RECURSION = YES;
				CLANG_WARN_INT_CONVERSION = YES;
				CLANG_WARN_NON_LITERAL_NULL_CONVERSION = YES;
				CLANG_WARN_OBJC_IMPLICIT_RETAIN_SELF = YES;
				CLANG_WARN_OBJC_LITERAL_CONVERSION = YES;
				CLANG_WARN_OBJC_ROOT_CLASS = YES_ERROR;
				CLANG_WARN_RANGE_LOOP_ANALYSIS = YES;
				CLANG_WARN_STRICT_PROTOTYPES = YES;
				CLANG_WARN_SUSPICIOUS_MOVE = YES;
				CLANG_WARN_UNGUARDED_AVAILABILITY = YES_AGGRESSIVE;
				CLANG_WARN_UNREACHABLE_CODE = YES;
				CLANG_WARN__DUPLICATE_METHOD_MATCH = YES;
				CODE_SIGN_IDENTITY = "iPhone Developer";
				COPY_PHASE_STRIP = NO;
				DEBUG_INFORMATION_FORMAT = "dwarf-with-dsym";
				ENABLE_NS_ASSERTIONS = NO;
				ENABLE_STRICT_OBJC_MSGSEND = YES;
				GCC_C_LANGUAGE_STANDARD = gnu11;
				GCC_NO_COMMON_BLOCKS = YES;
				GCC_WARN_64_TO_32_BIT_CONVERSION = YES;
				GCC_WARN_ABOUT_RETURN_TYPE = YES_ERROR;
				GCC_WARN_UNDECLARED_SELECTOR = YES;
				GCC_WARN_UNINITIALIZED_AUTOS = YES_AGGRESSIVE;
				GCC_WARN_UNUSED_FUNCTION = YES;
				GCC_WARN_UNUSED_VARIABLE = YES;
				IPHONEOS_DEPLOYMENT_TARGET = 11.3;
				MTL_ENABLE_DEBUG_INFO = NO;
				SDKROOT = iphoneos;
				SWIFT_COMPILATION_MODE = wholemodule;
				SWIFT_OPTIMIZATION_LEVEL = "-O";
				VALIDATE_PRODUCT = YES;
			};
			name = Release;
		};
		379287C107DA76A3E9321F6C /* Debug */ = {
			isa = XCBuildConfiguration;
			buildSettings = {
				ALWAYS_SEARCH_USER_PATHS = NO;
				CLANG_ANALYZER_NONNULL = YES;
				CLANG_ANALYZER_NUMBER_OBJECT_CONVERSION = YES_AGGRESSIVE;
				CLANG_CXX_LANGUAGE_STANDARD = "gnu++14";
				CLANG_CXX_LIBRARY = "libc++";
				CLANG_ENABLE_MODULES = YES;
				CLANG_ENABLE_OBJC_ARC = YES;
				CLANG_ENABLE_OBJC_WEAK = YES;
				CLANG_WARN_BLOCK_CAPTURE_AUTORELEASING = YES;
				CLANG_WARN_BOOL_CONVERSION = YES;
				CLANG_WARN_COMMA = YES;
				CLANG_WARN_CONSTANT_CONVERSION = YES;
				CLANG_WARN_DEPRECATED_OBJC_IMPLEMENTATIONS = YES;
				CLANG_WARN_DIRECT_OBJC_ISA_USAGE = YES_ERROR;
				CLANG_WARN_DOCUMENTATION_COMMENTS = YES;
				CLANG_WARN_EMPTY_BODY = YES;
				CLANG_WARN_ENUM_CONVERSION = YES;
				CLANG_WARN_INFINITE_RECURSION = YES;
				CLANG_WARN_INT_CONVERSION = YES;
				CLANG_WARN_NON_LITERAL_NULL_CONVERSION = YES;
				CLANG_WARN_OBJC_IMPLICIT_RETAIN_SELF = YES;
				CLANG_WARN_OBJC_LITERAL_CONVERSION = YES;
				CLANG_WARN_OBJC_ROOT_CLASS = YES_ERROR;
				CLANG_WARN_RANGE_LOOP_ANALYSIS = YES;
				CLANG_WARN_STRICT_PROTOTYPES = YES;
				CLANG_WARN_SUSPICIOUS_MOVE = YES;
				CLANG_WARN_UNGUARDED_AVAILABILITY = YES_AGGRESSIVE;
				CLANG_WARN_UNREACHABLE_CODE = YES;
				CLANG_WARN__DUPLICATE_METHOD_MATCH = YES;
				CODE_SIGN_IDENTITY = "iPhone Developer";
				COPY_PHASE_STRIP = NO;
				DEBUG_INFORMATION_FORMAT = dwarf;
				ENABLE_STRICT_OBJC_MSGSEND = YES;
				ENABLE_TESTABILITY = YES;
				GCC_C_LANGUAGE_STANDARD = gnu11;
				GCC_DYNAMIC_NO_PIC = NO;
				GCC_NO_COMMON_BLOCKS = YES;
				GCC_OPTIMIZATION_LEVEL = 0;
				GCC_PREPROCESSOR_DEFINITIONS = (
					"DEBUG=1",
					"$(inherited)",
				);
				GCC_WARN_64_TO_32_BIT_CONVERSION = YES;
				GCC_WARN_ABOUT_RETURN_TYPE = YES_ERROR;
				GCC_WARN_UNDECLARED_SELECTOR = YES;
				GCC_WARN_UNINITIALIZED_AUTOS = YES_AGGRESSIVE;
				GCC_WARN_UNUSED_FUNCTION = YES;
				GCC_WARN_UNUSED_VARIABLE = YES;
				IPHONEOS_DEPLOYMENT_TARGET = 11.3;
				MTL_ENABLE_DEBUG_INFO = YES;
				ONLY_ACTIVE_ARCH = YES;
				SDKROOT = iphoneos;
				SWIFT_ACTIVE_COMPILATION_CONDITIONS = DEBUG;
				SWIFT_OPTIMIZATION_LEVEL = "-Onone";
			};
			name = Debug;
		};
		37928817188C585EE4389A54 /* Release */ = {
			isa = XCBuildConfiguration;
			buildSettings = {
				ASSETCATALOG_COMPILER_APPICON_NAME = AppIcon;
				INFOPLIST_FILE = "Basis-POP/Info.plist";
				LD_RUNPATH_SEARCH_PATHS = "$(inherited) @executable_path/Frameworks";
				PRODUCT_BUNDLE_IDENTIFIER = "me.warm.Basis-POP";
				PRODUCT_NAME = "$(TARGET_NAME)";
				SWIFT_VERSION = 4.0;
				TARGETED_DEVICE_FAMILY = "1,2";
			};
			name = Release;
		};
		37928954A028348747999E60 /* Debug */ = {
			isa = XCBuildConfiguration;
			buildSettings = {
				ASSETCATALOG_COMPILER_APPICON_NAME = AppIcon;
				INFOPLIST_FILE = "Basis-POP/Info.plist";
				LD_RUNPATH_SEARCH_PATHS = "$(inherited) @executable_path/Frameworks";
				PRODUCT_BUNDLE_IDENTIFIER = "me.warm.Basis-POP";
				PRODUCT_NAME = "$(TARGET_NAME)";
				SWIFT_VERSION = 4.0;
				TARGETED_DEVICE_FAMILY = "1,2";
			};
			name = Debug;
		};
/* End XCBuildConfiguration section */

/* Begin XCConfigurationList section */
		379280129903265B03995782 /* Build configuration list for PBXProject "Basis-POP" */ = {
			isa = XCConfigurationList;
			buildConfigurations = (
				379287C107DA76A3E9321F6C /* Debug */,
				379282BF83EE92CCF0AFCE59 /* Release */,
			);
			defaultConfigurationIsVisible = 0;
			defaultConfigurationName = Release;
		};
		37928626C16511E039CE17F1 /* Build configuration list for PBXNativeTarget "Basis-POP" */ = {
			isa = XCConfigurationList;
			buildConfigurations = (
				37928954A028348747999E60 /* Debug */,
				37928817188C585EE4389A54 /* Release */,
			);
			defaultConfigurationIsVisible = 0;
		};
/* End XCConfigurationList section */
	};
	rootObject = 3792804A802FA82DD6BF4E5C /* Project object */;
}
